
Microsoft Visual Studio Solution File, Format Version 12.00
# Visual Studio Version 17
VisualStudioVersion = 17.5.33414.496
MinimumVisualStudioVersion = 10.0.40219.1
Project("{8BC9CEB8-8B4A-11D0-8D11-00A0C91BC942}") = "CalculatorTutorial", "CalculatorTutorial.vcxproj", "{A109F824-A1C7-4EC2-AF6C-C1AA051E0CCF}"
EndProject
Global
	GlobalSection(SolutionConfigurationPlatforms) = preSolution
		Debug|x64 = Debug|x64
		Debug|x86 = Debug|x86
		Release|x64 = Release|x64
		Release|x86 = Release|x86
	EndGlobalSection
	GlobalSection(ProjectConfigurationPlatforms) = postSolution
		{A109F824-A1C7-4EC2-AF6C-C1AA051E0CCF}.Debug|x64.ActiveCfg = Debug|x64
		{A109F824-A1C7-4EC2-AF6C-C1AA051E0CCF}.Debug|x64.Build.0 = Debug|x64
		{A109F824-A1C7-4EC2-AF6C-C1AA051E0CCF}.Debug|x86.ActiveCfg = Debug|Win32
		{A109F824-A1C7-4EC2-AF6C-C1AA051E0CCF}.Debug|x86.Build.0 = Debug|Win32
		{A109F824-A1C7-4EC2-AF6C-C1AA051E0CCF}.Release|x64.ActiveCfg = Release|x64
		{A109F824-A1C7-4EC2-AF6C-C1AA051E0CCF}.Release|x64.Build.0 = Release|x64
		{A109F824-A1C7-4EC2-AF6C-C1AA051E0CCF}.Release|x86.ActiveCfg = Release|Win32
		{A109F824-A1C7-4EC2-AF6C-C1AA051E0CCF}.Release|x86.Build.0 = Release|Win32
	EndGlobalSection
	GlobalSection(SolutionProperties) = preSolution
		HideSolutionNode = FALSE
	EndGlobalSection
	GlobalSection(ExtensibilityGlobals) = postSolution
		SolutionGuid = {DB2DCA31-E77A-49E0-8466-0EED086CAF89}
	EndGlobalSection
EndGlobal
